
Microsoft Visual Studio Solution File, Format Version 12.00
# Visual Studio Version 16
VisualStudioVersion = 16.0.30011.22
MinimumVisualStudioVersion = 10.0.40219.1
Project("{FAE04EC0-301F-11D3-BF4B-00C04F79EFBC}") = "ClothesASPCoreApp", "ClothesASPCoreApp\ClothesASPCoreApp.csproj", "{832AEEE5-3DA1-4701-9F97-3CAC0E4E1258}"
EndProject
Global
	GlobalSection(SolutionConfigurationPlatforms) = preSolution
		Debug|Any CPU = Debug|Any CPU
		Release|Any CPU = Release|Any CPU
	EndGlobalSection
	GlobalSection(ProjectConfigurationPlatforms) = postSolution
		{832AEEE5-3DA1-4701-9F97-3CAC0E4E1258}.Debug|Any CPU.ActiveCfg = Debug|Any CPU
		{832AEEE5-3DA1-4701-9F97-3CAC0E4E1258}.Debug|Any CPU.Build.0 = Debug|Any CPU
		{832AEEE5-3DA1-4701-9F97-3CAC0E4E1258}.Release|Any CPU.ActiveCfg = Release|Any CPU
		{832AEEE5-3DA1-4701-9F97-3CAC0E4E1258}.Release|Any CPU.Build.0 = Release|Any CPU
	EndGlobalSection
	GlobalSection(SolutionProperties) = preSolution
		HideSolutionNode = FALSE
	EndGlobalSection
	GlobalSection(ExtensibilityGlobals) = postSolution
		SolutionGuid = {D07D08C3-E1D4-4B42-985C-CCA2930E4E77}
	EndGlobalSection
EndGlobal
